
Microsoft Visual Studio Solution File, Format Version 12.00
# Visual Studio Version 17
VisualStudioVersion = 17.11.35208.52
MinimumVisualStudioVersion = 10.0.40219.1
Project("{FAE04EC0-301F-11D3-BF4B-00C04F79EFBC}") = "CodingChallengesAlleyneP3", "CodingChallengesAlleyneP3.csproj", "{3A94CBEC-FCB6-4509-8148-71D143206545}"
EndProject
Global
	GlobalSection(SolutionConfigurationPlatforms) = preSolution
		Debug|Any CPU = Debug|Any CPU
		Release|Any CPU = Release|Any CPU
	EndGlobalSection
	GlobalSection(ProjectConfigurationPlatforms) = postSolution
		{3A94CBEC-FCB6-4509-8148-71D143206545}.Debug|Any CPU.ActiveCfg = Debug|Any CPU
		{3A94CBEC-FCB6-4509-8148-71D143206545}.Debug|Any CPU.Build.0 = Debug|Any CPU
		{3A94CBEC-FCB6-4509-8148-71D143206545}.Release|Any CPU.ActiveCfg = Release|Any CPU
		{3A94CBEC-FCB6-4509-8148-71D143206545}.Release|Any CPU.Build.0 = Release|Any CPU
	EndGlobalSection
	GlobalSection(SolutionProperties) = preSolution
		HideSolutionNode = FALSE
	EndGlobalSection
	GlobalSection(ExtensibilityGlobals) = postSolution
		SolutionGuid = {57336651-E2C7-4088-9E64-21C1AEF73EFE}
	EndGlobalSection
EndGlobal
